<Solution>
  <Project Path="MagicLeap.SDK.csproj" />
  <Project Path="Assembly-CSharp.csproj" />
  <Project Path="MagicLeap.SDK.Editor.Tests.csproj" />
  <Project Path="MagicLeap.SetupTool.Editor.csproj" />
  <Project Path="MagicLeap.SDK.Editor.csproj" />
  <Project Path="MagicLeap.SDK.Tests.csproj" />
  <Project Path="Assembly-CSharp-Editor.csproj" />
  <Project Path="ThirdParty.Bunny83.simpleJson.csproj" />
</Solution>
